// !$*UTF8*$!
{
	archiveVersion = 1;
	classes = {
	};
	objectVersion = 48;
	objects = {

/* Begin PBXBuildFile section */
		46AF0EB22144517C00B71302 /* FBSignInViewController.swift in Sources */ = {isa = PBXBuildFile; fileRef = 46AF0EB12144517C00B71302 /* FBSignInViewController.swift */; };
		46AF0EB421449D4300B71302 /* master_data.csv in Resources */ = {isa = PBXBuildFile; fileRef = 46AF0EB321449D4200B71302 /* master_data.csv */; };
		46F3FDF021441FFF009F68EA /* AppDelegate.swift in Sources */ = {isa = PBXBuildFile; fileRef = 46F3FDEF21441FFF009F68EA /* AppDelegate.swift */; };
		46F3FDF221441FFF009F68EA /* ViewController.swift in Sources */ = {isa = PBXBuildFile; fileRef = 46F3FDF121441FFF009F68EA /* ViewController.swift */; };
		46F3FDF521441FFF009F68EA /* Main.storyboard in Resources */ = {isa = PBXBuildFile; fileRef = 46F3FDF321441FFF009F68EA /* Main.storyboard */; };
		46F3FDF721441FFF009F68EA /* Assets.xcassets in Resources */ = {isa = PBXBuildFile; fileRef = 46F3FDF621441FFF009F68EA /* Assets.xcassets */; };
		46F3FDFA21441FFF009F68EA /* LaunchScreen.storyboard in Resources */ = {isa = PBXBuildFile; fileRef = 46F3FDF821441FFF009F68EA /* LaunchScreen.storyboard */; };
		46F3FE0221442FBA009F68EA /* DashboardViewController.swift in Sources */ = {isa = PBXBuildFile; fileRef = 46F3FE0121442FBA009F68EA /* DashboardViewController.swift */; };
		46F3FE0421443E95009F68EA /* FBEventsViewController.swift in Sources */ = {isa = PBXBuildFile; fileRef = 46F3FE0321443E95009F68EA /* FBEventsViewController.swift */; };
		A61551612072685B4C0B1203 /* Pods_fullyfit.framework in Frameworks */ = {isa = PBXBuildFile; fileRef = 5F8AC666748B892EAA097519 /* Pods_fullyfit.framework */; };
/* End PBXBuildFile section */

/* Begin PBXFileReference section */
		199EA31635D105C505B0CE7F /* Pods-fullyfit.debug.xcconfig */ = {isa = PBXFileReference; includeInIndex = 1; lastKnownFileType = text.xcconfig; name = "Pods-fullyfit.debug.xcconfig"; path = "Pods/Target Support Files/Pods-fullyfit/Pods-fullyfit.debug.xcconfig"; sourceTree = "<group>"; };
		46AF0EB12144517C00B71302 /* FBSignInViewController.swift */ = {isa = PBXFileReference; lastKnownFileType = sourcecode.swift; path = FBSignInViewController.swift; sourceTree = "<group>"; };
		46AF0EB321449D4200B71302 /* master_data.csv */ = {isa = PBXFileReference; fileEncoding = 4; lastKnownFileType = text; path = master_data.csv; sourceTree = "<group>"; };
		46F3FDEC21441FFF009F68EA /* fullyfit.app */ = {isa = PBXFileReference; explicitFileType = wrapper.application; includeInIndex = 0; path = fullyfit.app; sourceTree = BUILT_PRODUCTS_DIR; };
		46F3FDEF21441FFF009F68EA /* AppDelegate.swift */ = {isa = PBXFileReference; lastKnownFileType = sourcecode.swift; path = AppDelegate.swift; sourceTree = "<group>"; };
		46F3FDF121441FFF009F68EA /* ViewController.swift */ = {isa = PBXFileReference; lastKnownFileType = sourcecode.swift; path = ViewController.swift; sourceTree = "<group>"; };
		46F3FDF421441FFF009F68EA /* Base */ = {isa = PBXFileReference; lastKnownFileType = file.storyboard; name = Base; path = Base.lproj/Main.storyboard; sourceTree = "<group>"; };
		46F3FDF621441FFF009F68EA /* Assets.xcassets */ = {isa = PBXFileReference; lastKnownFileType = folder.assetcatalog; path = Assets.xcassets; sourceTree = "<group>"; };
		46F3FDF921441FFF009F68EA /* Base */ = {isa = PBXFileReference; lastKnownFileType = file.storyboard; name = Base; path = Base.lproj/LaunchScreen.storyboard; sourceTree = "<group>"; };
		46F3FDFB21441FFF009F68EA /* Info.plist */ = {isa = PBXFileReference; lastKnownFileType = text.plist.xml; path = Info.plist; sourceTree = "<group>"; };
		46F3FE0121442FBA009F68EA /* DashboardViewController.swift */ = {isa = PBXFileReference; lastKnownFileType = sourcecode.swift; path = DashboardViewController.swift; sourceTree = "<group>"; };
		46F3FE0321443E95009F68EA /* FBEventsViewController.swift */ = {isa = PBXFileReference; lastKnownFileType = sourcecode.swift; path = FBEventsViewController.swift; sourceTree = "<group>"; };
		5DC675EE36ED80FF9023479F /* Pods-fullyfit.release.xcconfig */ = {isa = PBXFileReference; includeInIndex = 1; lastKnownFileType = text.xcconfig; name = "Pods-fullyfit.release.xcconfig"; path = "Pods/Target Support Files/Pods-fullyfit/Pods-fullyfit.release.xcconfig"; sourceTree = "<group>"; };
		5F8AC666748B892EAA097519 /* Pods_fullyfit.framework */ = {isa = PBXFileReference; explicitFileType = wrapper.framework; includeInIndex = 0; path = Pods_fullyfit.framework; sourceTree = BUILT_PRODUCTS_DIR; };
/* End PBXFileReference section */

/* Begin PBXFrameworksBuildPhase section */
		46F3FDE921441FFF009F68EA /* Frameworks */ = {
			isa = PBXFrameworksBuildPhase;
			buildActionMask = 2147483647;
			files = (
				A61551612072685B4C0B1203 /* Pods_fullyfit.framework in Frameworks */,
			);
			runOnlyForDeploymentPostprocessing = 0;
		};
/* End PBXFrameworksBuildPhase section */

/* Begin PBXGroup section */
		4618331A0E4192B90BBECFE1 /* Frameworks */ = {
			isa = PBXGroup;
			children = (
				5F8AC666748B892EAA097519 /* Pods_fullyfit.framework */,
			);
			name = Frameworks;
			sourceTree = "<group>";
		};
		46F3FDE321441FFF009F68EA = {
			isa = PBXGroup;
			children = (
				46F3FDEE21441FFF009F68EA /* fullyfit */,
				46F3FDED21441FFF009F68EA /* Products */,
				75645553AE2A20AC07F9EF89 /* Pods */,
				4618331A0E4192B90BBECFE1 /* Frameworks */,
			);
			sourceTree = "<group>";
		};
		46F3FDED21441FFF009F68EA /* Products */ = {
			isa = PBXGroup;
			children = (
				46F3FDEC21441FFF009F68EA /* fullyfit.app */,
			);
			name = Products;
			sourceTree = "<group>";
		};
		46F3FDEE21441FFF009F68EA /* fullyfit */ = {
			isa = PBXGroup;
			children = (
				46AF0EB321449D4200B71302 /* master_data.csv */,
				46F3FDEF21441FFF009F68EA /* AppDelegate.swift */,
				46F3FDF121441FFF009F68EA /* ViewController.swift */,
				46F3FE0321443E95009F68EA /* FBEventsViewController.swift */,
				46AF0EB12144517C00B71302 /* FBSignInViewController.swift */,
				46F3FE0121442FBA009F68EA /* DashboardViewController.swift */,
				46F3FDF321441FFF009F68EA /* Main.storyboard */,
				46F3FDF621441FFF009F68EA /* Assets.xcassets */,
				46F3FDF821441FFF009F68EA /* LaunchScreen.storyboard */,
				46F3FDFB21441FFF009F68EA /* Info.plist */,
			);
			path = fullyfit;
			sourceTree = "<group>";
		};
		75645553AE2A20AC07F9EF89 /* Pods */ = {
			isa = PBXGroup;
			children = (
				199EA31635D105C505B0CE7F /* Pods-fullyfit.debug.xcconfig */,
				5DC675EE36ED80FF9023479F /* Pods-fullyfit.release.xcconfig */,
			);
			name = Pods;
			sourceTree = "<group>";
		};
/* End PBXGroup section */

/* Begin PBXNativeTarget section */
		46F3FDEB21441FFF009F68EA /* fullyfit */ = {
			isa = PBXNativeTarget;
			buildConfigurationList = 46F3FDFE21441FFF009F68EA /* Build configuration list for PBXNativeTarget "fullyfit" */;
			buildPhases = (
				6CF1278077CF80CD14EA0910 /* [CP] Check Pods Manifest.lock */,
				46F3FDE821441FFF009F68EA /* Sources */,
				46F3FDE921441FFF009F68EA /* Frameworks */,
				46F3FDEA21441FFF009F68EA /* Resources */,
				C1A4431010E1CB179686EFEC /* [CP] Embed Pods Frameworks */,
				1B0A4380B1B8B79617EF63C4 /* [CP] Copy Pods Resources */,
			);
			buildRules = (
			);
			dependencies = (
			);
			name = fullyfit;
			productName = fullyfit;
			productReference = 46F3FDEC21441FFF009F68EA /* fullyfit.app */;
			productType = "com.apple.product-type.application";
		};
/* End PBXNativeTarget section */

/* Begin PBXProject section */
		46F3FDE421441FFF009F68EA /* Project object */ = {
			isa = PBXProject;
			attributes = {
				LastSwiftUpdateCheck = 0920;
				LastUpgradeCheck = 0920;
				TargetAttributes = {
					46F3FDEB21441FFF009F68EA = {
						CreatedOnToolsVersion = 9.2;
						ProvisioningStyle = Automatic;
					};
				};
			};
			buildConfigurationList = 46F3FDE721441FFF009F68EA /* Build configuration list for PBXProject "fullyfit" */;
			compatibilityVersion = "Xcode 8.0";
			developmentRegion = en;
			hasScannedForEncodings = 0;
			knownRegions = (
				en,
				Base,
			);
			mainGroup = 46F3FDE321441FFF009F68EA;
			productRefGroup = 46F3FDED21441FFF009F68EA /* Products */;
			projectDirPath = "";
			projectRoot = "";
			targets = (
				46F3FDEB21441FFF009F68EA /* fullyfit */,
			);
		};
/* End PBXProject section */

/* Begin PBXResourcesBuildPhase section */
		46F3FDEA21441FFF009F68EA /* Resources */ = {
			isa = PBXResourcesBuildPhase;
			buildActionMask = 2147483647;
			files = (
				46AF0EB421449D4300B71302 /* master_data.csv in Resources */,
				46F3FDFA21441FFF009F68EA /* LaunchScreen.storyboard in Resources */,
				46F3FDF721441FFF009F68EA /* Assets.xcassets in Resources */,
				46F3FDF521441FFF009F68EA /* Main.storyboard in Resources */,
			);
			runOnlyForDeploymentPostprocessing = 0;
		};
/* End PBXResourcesBuildPhase section */

/* Begin PBXShellScriptBuildPhase section */
		1B0A4380B1B8B79617EF63C4 /* [CP] Copy Pods Resources */ = {
			isa = PBXShellScriptBuildPhase;
			buildActionMask = 2147483647;
			files = (
			);
			inputPaths = (
			);
			name = "[CP] Copy Pods Resources";
			outputPaths = (
			);
			runOnlyForDeploymentPostprocessing = 0;
			shellPath = /bin/sh;
			shellScript = "\"${SRCROOT}/Pods/Target Support Files/Pods-fullyfit/Pods-fullyfit-resources.sh\"\n";
			showEnvVarsInLog = 0;
		};
		6CF1278077CF80CD14EA0910 /* [CP] Check Pods Manifest.lock */ = {
			isa = PBXShellScriptBuildPhase;
			buildActionMask = 2147483647;
			files = (
			);
			inputPaths = (
				"${PODS_PODFILE_DIR_PATH}/Podfile.lock",
				"${PODS_ROOT}/Manifest.lock",
			);
			name = "[CP] Check Pods Manifest.lock";
			outputPaths = (
				"$(DERIVED_FILE_DIR)/Pods-fullyfit-checkManifestLockResult.txt",
			);
			runOnlyForDeploymentPostprocessing = 0;
			shellPath = /bin/sh;
			shellScript = "diff \"${PODS_PODFILE_DIR_PATH}/Podfile.lock\" \"${PODS_ROOT}/Manifest.lock\" > /dev/null\nif [ $? != 0 ] ; then\n    # print error to STDERR\n    echo \"error: The sandbox is not in sync with the Podfile.lock. Run 'pod install' or update your CocoaPods installation.\" >&2\n    exit 1\nfi\n# This output is used by Xcode 'outputs' to avoid re-running this script phase.\necho \"SUCCESS\" > \"${SCRIPT_OUTPUT_FILE_0}\"\n";
			showEnvVarsInLog = 0;
		};
		C1A4431010E1CB179686EFEC /* [CP] Embed Pods Frameworks */ = {
			isa = PBXShellScriptBuildPhase;
			buildActionMask = 2147483647;
			files = (
			);
			inputPaths = (
				"${SRCROOT}/Pods/Target Support Files/Pods-fullyfit/Pods-fullyfit-frameworks.sh",
				"${BUILT_PRODUCTS_DIR}/Bolts/Bolts.framework",
				"${BUILT_PRODUCTS_DIR}/CSV.swift/CSV.framework",
				"${BUILT_PRODUCTS_DIR}/Charts/Charts.framework",
				"${BUILT_PRODUCTS_DIR}/FBSDKCoreKit/FBSDKCoreKit.framework",
				"${BUILT_PRODUCTS_DIR}/FBSDKLoginKit/FBSDKLoginKit.framework",
				"${BUILT_PRODUCTS_DIR}/FacebookCore/FacebookCore.framework",
				"${BUILT_PRODUCTS_DIR}/FacebookLogin/FacebookLogin.framework",
				"${BUILT_PRODUCTS_DIR}/Hero/Hero.framework",
			);
			name = "[CP] Embed Pods Frameworks";
			outputPaths = (
				"${TARGET_BUILD_DIR}/${FRAMEWORKS_FOLDER_PATH}/Bolts.framework",
				"${TARGET_BUILD_DIR}/${FRAMEWORKS_FOLDER_PATH}/CSV.framework",
				"${TARGET_BUILD_DIR}/${FRAMEWORKS_FOLDER_PATH}/Charts.framework",
				"${TARGET_BUILD_DIR}/${FRAMEWORKS_FOLDER_PATH}/FBSDKCoreKit.framework",
				"${TARGET_BUILD_DIR}/${FRAMEWORKS_FOLDER_PATH}/FBSDKLoginKit.framework",
				"${TARGET_BUILD_DIR}/${FRAMEWORKS_FOLDER_PATH}/FacebookCore.framework",
				"${TARGET_BUILD_DIR}/${FRAMEWORKS_FOLDER_PATH}/FacebookLogin.framework",
				"${TARGET_BUILD_DIR}/${FRAMEWORKS_FOLDER_PATH}/Hero.framework",
			);
			runOnlyForDeploymentPostprocessing = 0;
			shellPath = /bin/sh;
			shellScript = "\"${SRCROOT}/Pods/Target Support Files/Pods-fullyfit/Pods-fullyfit-frameworks.sh\"\n";
			showEnvVarsInLog = 0;
		};
/* End PBXShellScriptBuildPhase section */

/* Begin PBXSourcesBuildPhase section */
		46F3FDE821441FFF009F68EA /* Sources */ = {
			isa = PBXSourcesBuildPhase;
			buildActionMask = 2147483647;
			files = (
				46F3FDF221441FFF009F68EA /* ViewController.swift in Sources */,
				46F3FE0221442FBA009F68EA /* DashboardViewController.swift in Sources */,
				46AF0EB22144517C00B71302 /* FBSignInViewController.swift in Sources */,
				46F3FDF021441FFF009F68EA /* AppDelegate.swift in Sources */,
				46F3FE0421443E95009F68EA /* FBEventsViewController.swift in Sources */,
			);
			runOnlyForDeploymentPostprocessing = 0;
		};
/* End PBXSourcesBuildPhase section */

/* Begin PBXVariantGroup section */
		46F3FDF321441FFF009F68EA /* Main.storyboard */ = {
			isa = PBXVariantGroup;
			children = (
				46F3FDF421441FFF009F68EA /* Base */,
			);
			name = Main.storyboard;
			sourceTree = "<group>";
		};
		46F3FDF821441FFF009F68EA /* LaunchScreen.storyboard */ = {
			isa = PBXVariantGroup;
			children = (
				46F3FDF921441FFF009F68EA /* Base */,
			);
			name = LaunchScreen.storyboard;
			sourceTree = "<group>";
		};
/* End PBXVariantGroup section */

/* Begin XCBuildConfiguration section */
		46F3FDFC21441FFF009F68EA /* Debug */ = {
			isa = XCBuildConfiguration;
			buildSettings = {
				ALWAYS_SEARCH_USER_PATHS = NO;
				CLANG_ANALYZER_NONNULL = YES;
				CLANG_ANALYZER_NUMBER_OBJECT_CONVERSION = YES_AGGRESSIVE;
				CLANG_CXX_LANGUAGE_STANDARD = "gnu++14";
				CLANG_CXX_LIBRARY = "libc++";
				CLANG_ENABLE_MODULES = YES;
				CLANG_ENABLE_OBJC_ARC = YES;
				CLANG_WARN_BLOCK_CAPTURE_AUTORELEASING = YES;
				CLANG_WARN_BOOL_CONVERSION = YES;
				CLANG_WARN_COMMA = YES;
				CLANG_WARN_CONSTANT_CONVERSION = YES;
				CLANG_WARN_DIRECT_OBJC_ISA_USAGE = YES_ERROR;
				CLANG_WARN_DOCUMENTATION_COMMENTS = YES;
				CLANG_WARN_EMPTY_BODY = YES;
				CLANG_WARN_ENUM_CONVERSION = YES;
				CLANG_WARN_INFINITE_RECURSION = YES;
				CLANG_WARN_INT_CONVERSION = YES;
				CLANG_WARN_NON_LITERAL_NULL_CONVERSION = YES;
				CLANG_WARN_OBJC_LITERAL_CONVERSION = YES;
				CLANG_WARN_OBJC_ROOT_CLASS = YES_ERROR;
				CLANG_WARN_RANGE_LOOP_ANALYSIS = YES;
				CLANG_WARN_STRICT_PROTOTYPES = YES;
				CLANG_WARN_SUSPICIOUS_MOVE = YES;
				CLANG_WARN_UNGUARDED_AVAILABILITY = YES_AGGRESSIVE;
				CLANG_WARN_UNREACHABLE_CODE = YES;
				CLANG_WARN__DUPLICATE_METHOD_MATCH = YES;
				CODE_SIGN_IDENTITY = "iPhone Developer";
				COPY_PHASE_STRIP = NO;
				DEBUG_INFORMATION_FORMAT = dwarf;
				ENABLE_STRICT_OBJC_MSGSEND = YES;
				ENABLE_TESTABILITY = YES;
				GCC_C_LANGUAGE_STANDARD = gnu11;
				GCC_DYNAMIC_NO_PIC = NO;
				GCC_NO_COMMON_BLOCKS = YES;
				GCC_OPTIMIZATION_LEVEL = 0;
				GCC_PREPROCESSOR_DEFINITIONS = (
					"DEBUG=1",
					"$(inherited)",
				);
				GCC_WARN_64_TO_32_BIT_CONVERSION = YES;
				GCC_WARN_ABOUT_RETURN_TYPE = YES_ERROR;
				GCC_WARN_UNDECLARED_SELECTOR = YES;
				GCC_WARN_UNINITIALIZED_AUTOS = YES_AGGRESSIVE;
				GCC_WARN_UNUSED_FUNCTION = YES;
				GCC_WARN_UNUSED_VARIABLE = YES;
				IPHONEOS_DEPLOYMENT_TARGET = 11.2;
				MTL_ENABLE_DEBUG_INFO = YES;
				ONLY_ACTIVE_ARCH = YES;
				SDKROOT = iphoneos;
				SWIFT_ACTIVE_COMPILATION_CONDITIONS = DEBUG;
				SWIFT_OPTIMIZATION_LEVEL = "-Onone";
			};
			name = Debug;
		};
		46F3FDFD21441FFF009F68EA /* Release */ = {
			isa = XCBuildConfiguration;
			buildSettings = {
				ALWAYS_SEARCH_USER_PATHS = NO;
				CLANG_ANALYZER_NONNULL = YES;
				CLANG_ANALYZER_NUMBER_OBJECT_CONVERSION = YES_AGGRESSIVE;
				CLANG_CXX_LANGUAGE_STANDARD = "gnu++14";
				CLANG_CXX_LIBRARY = "libc++";
				CLANG_ENABLE_MODULES = YES;
				CLANG_ENABLE_OBJC_ARC = YES;
				CLANG_WARN_BLOCK_CAPTURE_AUTORELEASING = YES;
				CLANG_WARN_BOOL_CONVERSION = YES;
				CLANG_WARN_COMMA = YES;
				CLANG_WARN_CONSTANT_CONVERSION = YES;
				CLANG_WARN_DIRECT_OBJC_ISA_USAGE = YES_ERROR;
				CLANG_WARN_DOCUMENTATION_COMMENTS = YES;
				CLANG_WARN_EMPTY_BODY = YES;
				CLANG_WARN_ENUM_CONVERSION = YES;
				CLANG_WARN_INFINITE_RECURSION = YES;
				CLANG_WARN_INT_CONVERSION = YES;
				CLANG_WARN_NON_LITERAL_NULL_CONVERSION = YES;
				CLANG_WARN_OBJC_LITERAL_CONVERSION = YES;
				CLANG_WARN_OBJC_ROOT_CLASS = YES_ERROR;
				CLANG_WARN_RANGE_LOOP_ANALYSIS = YES;
				CLANG_WARN_STRICT_PROTOTYPES = YES;
				CLANG_WARN_SUSPICIOUS_MOVE = YES;
				CLANG_WARN_UNGUARDED_AVAILABILITY = YES_AGGRESSIVE;
				CLANG_WARN_UNREACHABLE_CODE = YES;
				CLANG_WARN__DUPLICATE_METHOD_MATCH = YES;
				CODE_SIGN_IDENTITY = "iPhone Developer";
				COPY_PHASE_STRIP = NO;
				DEBUG_INFORMATION_FORMAT = "dwarf-with-dsym";
				ENABLE_NS_ASSERTIONS = NO;
				ENABLE_STRICT_OBJC_MSGSEND = YES;
				GCC_C_LANGUAGE_STANDARD = gnu11;
				GCC_NO_COMMON_BLOCKS = YES;
				GCC_WARN_64_TO_32_BIT_CONVERSION = YES;
				GCC_WARN_ABOUT_RETURN_TYPE = YES_ERROR;
				GCC_WARN_UNDECLARED_SELECTOR = YES;
				GCC_WARN_UNINITIALIZED_AUTOS = YES_AGGRESSIVE;
				GCC_WARN_UNUSED_FUNCTION = YES;
				GCC_WARN_UNUSED_VARIABLE = YES;
				IPHONEOS_DEPLOYMENT_TARGET = 11.2;
				MTL_ENABLE_DEBUG_INFO = NO;
				SDKROOT = iphoneos;
				SWIFT_OPTIMIZATION_LEVEL = "-Owholemodule";
				VALIDATE_PRODUCT = YES;
			};
			name = Release;
		};
		46F3FDFF21441FFF009F68EA /* Debug */ = {
			isa = XCBuildConfiguration;
			baseConfigurationReference = 199EA31635D105C505B0CE7F /* Pods-fullyfit.debug.xcconfig */;
			buildSettings = {
				ASSETCATALOG_COMPILER_APPICON_NAME = AppIcon;
				CODE_SIGN_STYLE = Automatic;
				DEVELOPMENT_TEAM = F2PUCLQGKS;
				INFOPLIST_FILE = fullyfit/Info.plist;
				LD_RUNPATH_SEARCH_PATHS = "$(inherited) @executable_path/Frameworks";
				PRODUCT_BUNDLE_IDENTIFIER = v.fullyfit;
				PRODUCT_NAME = "$(TARGET_NAME)";
				SWIFT_VERSION = 4.0;
				TARGETED_DEVICE_FAMILY = "1,2";
			};
			name = Debug;
		};
		46F3FE0021441FFF009F68EA /* Release */ = {
			isa = XCBuildConfiguration;
			baseConfigurationReference = 5DC675EE36ED80FF9023479F /* Pods-fullyfit.release.xcconfig */;
			buildSettings = {
				ASSETCATALOG_COMPILER_APPICON_NAME = AppIcon;
				CODE_SIGN_STYLE = Automatic;
				DEVELOPMENT_TEAM = F2PUCLQGKS;
				INFOPLIST_FILE = fullyfit/Info.plist;
				LD_RUNPATH_SEARCH_PATHS = "$(inherited) @executable_path/Frameworks";
				PRODUCT_BUNDLE_IDENTIFIER = v.fullyfit;
				PRODUCT_NAME = "$(TARGET_NAME)";
				SWIFT_VERSION = 4.0;
				TARGETED_DEVICE_FAMILY = "1,2";
			};
			name = Release;
		};
/* End XCBuildConfiguration section */

/* Begin XCConfigurationList section */
		46F3FDE721441FFF009F68EA /* Build configuration list for PBXProject "fullyfit" */ = {
			isa = XCConfigurationList;
			buildConfigurations = (
				46F3FDFC21441FFF009F68EA /* Debug */,
				46F3FDFD21441FFF009F68EA /* Release */,
			);
			defaultConfigurationIsVisible = 0;
			defaultConfigurationName = Release;
		};
		46F3FDFE21441FFF009F68EA /* Build configuration list for PBXNativeTarget "fullyfit" */ = {
			isa = XCConfigurationList;
			buildConfigurations = (
				46F3FDFF21441FFF009F68EA /* Debug */,
				46F3FE0021441FFF009F68EA /* Release */,
			);
			defaultConfigurationIsVisible = 0;
			defaultConfigurationName = Release;
		};
/* End XCConfigurationList section */
	};
	rootObject = 46F3FDE421441FFF009F68EA /* Project object */;
}
